version: 6
environments:
  default:
    channels:
    - url: https://conda.anaconda.org/conda-forge/
    - url: https://prefix.dev/brads-forge/
    packages:
      linux-64:
      - conda: https://conda.anaconda.org/conda-forge/linux-64/_libgcc_mutex-0.1-conda_forge.tar.bz2
      - conda: https://conda.anaconda.org/conda-forge/linux-64/_openmp_mutex-4.5-2_gnu.tar.bz2
      - conda: https://prefix.dev/brads-forge/linux-64/bun-1.2.18-h81b34b9_0.conda
      - conda: https://conda.anaconda.org/conda-forge/noarch/ca-certificates-2025.7.14-hbd8a1cb_0.conda
      - conda: https://conda.anaconda.org/conda-forge/linux-64/icu-75.1-he02047a_0.conda
      - conda: https://conda.anaconda.org/conda-forge/linux-64/just-1.42.1-hdab8a38_0.conda
      - conda: https://conda.anaconda.org/conda-forge/linux-64/libgcc-15.1.0-h767d61c_3.conda
      - conda: https://conda.anaconda.org/conda-forge/linux-64/libgcc-ng-15.1.0-h69a702a_3.conda
      - conda: https://conda.anaconda.org/conda-forge/linux-64/libgomp-15.1.0-h767d61c_3.conda
      - conda: https://conda.anaconda.org/conda-forge/linux-64/libstdcxx-15.1.0-h8f9b012_3.conda
      - conda: https://conda.anaconda.org/conda-forge/linux-64/libstdcxx-ng-15.1.0-h4852527_3.conda
      - conda: https://conda.anaconda.org/conda-forge/linux-64/libuv-1.51.0-hb9d3cd8_0.conda
      - conda: https://conda.anaconda.org/conda-forge/linux-64/libzlib-1.3.1-hb9d3cd8_2.conda
      - conda: https://conda.anaconda.org/conda-forge/linux-64/nodejs-24.4.0-heeeca48_0.conda
      - conda: https://conda.anaconda.org/conda-forge/linux-64/openssl-3.5.1-h7b32b05_0.conda
      - conda: https://conda.anaconda.org/conda-forge/linux-64/pnpm-10.13.1-hcdd682b_1.conda
      linux-aarch64:
      - conda: https://conda.anaconda.org/conda-forge/linux-aarch64/_openmp_mutex-4.5-2_gnu.tar.bz2
      - conda: https://prefix.dev/brads-forge/linux-aarch64/bun-1.2.18-he672143_0.conda
      - conda: https://conda.anaconda.org/conda-forge/noarch/ca-certificates-2025.7.14-hbd8a1cb_0.conda
      - conda: https://conda.anaconda.org/conda-forge/linux-aarch64/icu-75.1-hf9b3779_0.conda
      - conda: https://conda.anaconda.org/conda-forge/linux-aarch64/just-1.42.1-h1ebd7d5_0.conda
      - conda: https://conda.anaconda.org/conda-forge/linux-aarch64/libgcc-15.1.0-he277a41_3.conda
      - conda: https://conda.anaconda.org/conda-forge/linux-aarch64/libgcc-ng-15.1.0-he9431aa_3.conda
      - conda: https://conda.anaconda.org/conda-forge/linux-aarch64/libgomp-15.1.0-he277a41_3.conda
      - conda: https://conda.anaconda.org/conda-forge/linux-aarch64/libstdcxx-15.1.0-h3f4de04_3.conda
      - conda: https://conda.anaconda.org/conda-forge/linux-aarch64/libstdcxx-ng-15.1.0-hf1166c9_3.conda
      - conda: https://conda.anaconda.org/conda-forge/linux-aarch64/libuv-1.51.0-h86ecc28_0.conda
      - conda: https://conda.anaconda.org/conda-forge/linux-aarch64/libzlib-1.3.1-h86ecc28_2.conda
      - conda: https://conda.anaconda.org/conda-forge/linux-aarch64/nodejs-24.4.0-hc854191_0.conda
      - conda: https://conda.anaconda.org/conda-forge/linux-aarch64/openssl-3.5.1-hd08dc88_0.conda
      - conda: https://conda.anaconda.org/conda-forge/linux-aarch64/pnpm-10.13.1-ha193a0a_1.conda
      osx-64:
      - conda: https://prefix.dev/brads-forge/osx-64/bun-1.2.18-he0f4bc8_0.conda
      - conda: https://conda.anaconda.org/conda-forge/noarch/ca-certificates-2025.7.14-hbd8a1cb_0.conda
      - conda: https://conda.anaconda.org/conda-forge/osx-64/icu-75.1-h120a0e1_0.conda
      - conda: https://conda.anaconda.org/conda-forge/osx-64/just-1.42.1-hb440939_0.conda
      - conda: https://conda.anaconda.org/conda-forge/osx-64/libcxx-20.1.8-hf95d169_0.conda
      - conda: https://conda.anaconda.org/conda-forge/osx-64/libuv-1.51.0-h4cb831e_0.conda
      - conda: https://conda.anaconda.org/conda-forge/osx-64/libzlib-1.3.1-hd23fc13_2.conda
      - conda: https://conda.anaconda.org/conda-forge/osx-64/nodejs-24.4.0-h2e7699b_0.conda
      - conda: https://conda.anaconda.org/conda-forge/osx-64/openssl-3.5.1-hc426f3f_0.conda
      - conda: https://conda.anaconda.org/conda-forge/osx-64/pnpm-10.13.1-h00d6f2a_1.conda
      osx-arm64:
      - conda: https://prefix.dev/brads-forge/osx-arm64/bun-1.2.18-he8ea13f_0.conda
      - conda: https://conda.anaconda.org/conda-forge/noarch/ca-certificates-2025.7.14-hbd8a1cb_0.conda
      - conda: https://conda.anaconda.org/conda-forge/osx-arm64/icu-75.1-hfee45f7_0.conda
      - conda: https://conda.anaconda.org/conda-forge/osx-arm64/just-1.42.1-h0ca00b2_0.conda
      - conda: https://conda.anaconda.org/conda-forge/osx-arm64/libcxx-20.1.8-ha82da77_0.conda
      - conda: https://conda.anaconda.org/conda-forge/osx-arm64/libuv-1.51.0-h5505292_0.conda
      - conda: https://conda.anaconda.org/conda-forge/osx-arm64/libzlib-1.3.1-h8359307_2.conda
      - conda: https://conda.anaconda.org/conda-forge/osx-arm64/nodejs-24.4.0-hab9d20b_0.conda
      - conda: https://conda.anaconda.org/conda-forge/osx-arm64/openssl-3.5.1-h81ee809_0.conda
      - conda: https://conda.anaconda.org/conda-forge/osx-arm64/pnpm-10.13.1-h41d7736_1.conda
packages:
- conda: https://conda.anaconda.org/conda-forge/linux-64/_libgcc_mutex-0.1-conda_forge.tar.bz2
  sha256: fe51de6107f9edc7aa4f786a70f4a883943bc9d39b3bb7307c04c41410990726
  md5: d7c89558ba9fa0495403155b64376d81
  license: None
  size: 2562
  timestamp: 1578324546067
- conda: https://conda.anaconda.org/conda-forge/linux-64/_openmp_mutex-4.5-2_gnu.tar.bz2
  build_number: 16
  sha256: fbe2c5e56a653bebb982eda4876a9178aedfc2b545f25d0ce9c4c0b508253d22
  md5: 73aaf86a425cc6e73fcf236a5a46396d
  depends:
  - _libgcc_mutex 0.1 conda_forge
  - libgomp >=7.5.0
  constrains:
  - openmp_impl 9999
  license: BSD-3-Clause
  license_family: BSD
  size: 23621
  timestamp: 1650670423406
- conda: https://conda.anaconda.org/conda-forge/linux-aarch64/_openmp_mutex-4.5-2_gnu.tar.bz2
  build_number: 16
  sha256: 3702bef2f0a4d38bd8288bbe54aace623602a1343c2cfbefd3fa188e015bebf0
  md5: 6168d71addc746e8f2b8d57dfd2edcea
  depends:
  - libgomp >=7.5.0
  constrains:
  - openmp_impl 9999
  license: BSD-3-Clause
  license_family: BSD
  size: 23712
  timestamp: 1650670790230
- conda: https://prefix.dev/brads-forge/linux-64/bun-1.2.18-h81b34b9_0.conda
  sha256: 4efca9ded4fe09a4dad65814c01522f9c70566aff405006399b8712e36931125
  license: MIT
  size: 31558434
  timestamp: 1751601780600
- conda: https://prefix.dev/brads-forge/linux-aarch64/bun-1.2.18-he672143_0.conda
  sha256: c66ba427770a40852275aad1d1b5d4572560d53ea2cdaff1b15e898734d52afd
  license: MIT
  size: 30721240
  timestamp: 1751601808147
- conda: https://prefix.dev/brads-forge/osx-64/bun-1.2.18-he0f4bc8_0.conda
  sha256: 1001da9057dc20c1553b99432d39ee5a55e2925dfab6c17e41230e64a3c11074
  license: MIT
  size: 19638542
  timestamp: 1751601759206
- conda: https://prefix.dev/brads-forge/osx-arm64/bun-1.2.18-he8ea13f_0.conda
  sha256: 81548cad3aff6be8556e204c8def13e21011175acf9e314c58a94db65f985ba3
  license: MIT
  size: 17470270
  timestamp: 1751601759480
- conda: https://conda.anaconda.org/conda-forge/noarch/ca-certificates-2025.7.14-hbd8a1cb_0.conda
  sha256: 29defbd83c7829788358678ec996adeee252fa4d4274b7cd386c1ed73d2b201e
  md5: d16c90324aef024877d8713c0b7fea5b
  depends:
  - __unix
  license: ISC
  size: 155658
  timestamp: 1752482350666
- conda: https://conda.anaconda.org/conda-forge/linux-64/icu-75.1-he02047a_0.conda
  sha256: 71e750d509f5fa3421087ba88ef9a7b9be11c53174af3aa4d06aff4c18b38e8e
  md5: 8b189310083baabfb622af68fd9d3ae3
  depends:
  - __glibc >=2.17,<3.0.a0
  - libgcc-ng >=12
  - libstdcxx-ng >=12
  license: MIT
  license_family: MIT
  size: 12129203
  timestamp: 1720853576813
- conda: https://conda.anaconda.org/conda-forge/linux-aarch64/icu-75.1-hf9b3779_0.conda
  sha256: 813298f2e54ef087dbfc9cc2e56e08ded41de65cff34c639cc8ba4e27e4540c9
  md5: 268203e8b983fddb6412b36f2024e75c
  depends:
  - libgcc-ng >=12
  - libstdcxx-ng >=12
  license: MIT
  license_family: MIT
  size: 12282786
  timestamp: 1720853454991
- conda: https://conda.anaconda.org/conda-forge/osx-64/icu-75.1-h120a0e1_0.conda
  sha256: 2e64307532f482a0929412976c8450c719d558ba20c0962832132fd0d07ba7a7
  md5: d68d48a3060eb5abdc1cdc8e2a3a5966
  depends:
  - __osx >=10.13
  license: MIT
  license_family: MIT
  size: 11761697
  timestamp: 1720853679409
- conda: https://conda.anaconda.org/conda-forge/osx-arm64/icu-75.1-hfee45f7_0.conda
  sha256: 9ba12c93406f3df5ab0a43db8a4b4ef67a5871dfd401010fbe29b218b2cbe620
  md5: 5eb22c1d7b3fc4abb50d92d621583137
  depends:
  - __osx >=11.0
  license: MIT
  license_family: MIT
  size: 11857802
  timestamp: 1720853997952
- conda: https://conda.anaconda.org/conda-forge/linux-64/just-1.42.1-hdab8a38_0.conda
  sha256: 5f7a9e5938af79be14307c4e380decae491d0939ffd30d461b5f573acba0fa9b
  md5: 23eb112cdaa3485ec21605bd24740e0a
  depends:
  - __glibc >=2.17,<3.0.a0
  - libgcc >=14
  constrains:
  - __glibc >=2.17
  license: CC0-1.0
  size: 1432156
  timestamp: 1752567606038
- conda: https://conda.anaconda.org/conda-forge/linux-aarch64/just-1.42.1-h1ebd7d5_0.conda
  sha256: ceb32069088ab243fe1b4fc96d5b8fbe98a1547a2ba951e2b37c003c7655892e
  md5: afe2005500e54ec69549cde7271b4541
  depends:
  - libgcc >=14
  constrains:
  - __glibc >=2.17
  license: CC0-1.0
  size: 1303772
  timestamp: 1752570270572
- conda: https://conda.anaconda.org/conda-forge/osx-64/just-1.42.1-hb440939_0.conda
  sha256: 8e528b387f6b4ab9b5ffbd6c89bc1c121dc32a0223d996a2a291dd55d5dfc3c1
  md5: 9d147b90277f6fd72cce7d12cf6535bc
  depends:
  - __osx >=10.13
  constrains:
  - __osx >=10.13
  license: CC0-1.0
  size: 1347190
  timestamp: 1752567841162
- conda: https://conda.anaconda.org/conda-forge/osx-arm64/just-1.42.1-h0ca00b2_0.conda
  sha256: 5c836ba12fd29c6509ff70a0a59e76af7e90438a338f27a3a864e5b995d50763
  md5: 59f7309ba4c949222e227f3cda5ab1e1
  depends:
  - __osx >=11.0
  constrains:
  - __osx >=11.0
  license: CC0-1.0
  size: 1235913
  timestamp: 1752568267913
- conda: https://conda.anaconda.org/conda-forge/osx-64/libcxx-20.1.8-hf95d169_0.conda
  sha256: 2f0a3df7d6b8898d6d387ff110d7fb98aba1f0e9c3a5e6527a54bb8a3441a0ec
  md5: 8f8448b9b4cd3c698b822e0038d65940
  depends:
  - __osx >=10.13
  license: Apache-2.0 WITH LLVM-exception
  license_family: Apache
  size: 561704
  timestamp: 1752049799365
- conda: https://conda.anaconda.org/conda-forge/osx-arm64/libcxx-20.1.8-ha82da77_0.conda
  sha256: 3d7fd77e37794c28e99812da03de645b8e1ddefa876d9400c4d552b9eb8dd880
  md5: 149bb93ede144e7c86bf5f88378ae5f6
  depends:
  - __osx >=11.0
  license: Apache-2.0 WITH LLVM-exception
  license_family: Apache
  size: 567309
  timestamp: 1752050056857
- conda: https://conda.anaconda.org/conda-forge/linux-64/libgcc-15.1.0-h767d61c_3.conda
  sha256: 59a87161212abe8acc57d318b0cc8636eb834cdfdfddcf1f588b5493644b39a3
  md5: 9e60c55e725c20d23125a5f0dd69af5d
  depends:
  - __glibc >=2.17,<3.0.a0
  - _openmp_mutex >=4.5
  constrains:
  - libgcc-ng ==15.1.0=*_3
  - libgomp 15.1.0 h767d61c_3
  license: GPL-3.0-only WITH GCC-exception-3.1
  license_family: GPL
  size: 824921
  timestamp: 1750808216066
- conda: https://conda.anaconda.org/conda-forge/linux-aarch64/libgcc-15.1.0-he277a41_3.conda
  sha256: a08e3f89d4cd7c5e18a7098419e378a8506ebfaf4dc1eaac59bf7b962ca66cdb
  md5: 409b902521be20c2efb69d2e0c5e3bc8
  depends:
  - _openmp_mutex >=4.5
  constrains:
  - libgomp 15.1.0 he277a41_3
  - libgcc-ng ==15.1.0=*_3
  license: GPL-3.0-only WITH GCC-exception-3.1
  license_family: GPL
  size: 510464
  timestamp: 1750808926824
- conda: https://conda.anaconda.org/conda-forge/linux-64/libgcc-ng-15.1.0-h69a702a_3.conda
  sha256: b0b0a5ee6ce645a09578fc1cb70c180723346f8a45fdb6d23b3520591c6d6996
  md5: e66f2b8ad787e7beb0f846e4bd7e8493
  depends:
  - libgcc 15.1.0 h767d61c_3
  license: GPL-3.0-only WITH GCC-exception-3.1
  license_family: GPL
  size: 29033
  timestamp: 1750808224854
- conda: https://conda.anaconda.org/conda-forge/linux-aarch64/libgcc-ng-15.1.0-he9431aa_3.conda
  sha256: 222eedd38467f7af8fb703c16cc1abf83038e7b6a09f707bbb4340e8ed589e14
  md5: 831062d3b6a4cdfdde1015be90016102
  depends:
  - libgcc 15.1.0 he277a41_3
  license: GPL-3.0-only WITH GCC-exception-3.1
  license_family: GPL
  size: 29009
  timestamp: 1750808930406
- conda: https://conda.anaconda.org/conda-forge/linux-64/libgomp-15.1.0-h767d61c_3.conda
  sha256: 43710ab4de0cd7ff8467abff8d11e7bb0e36569df04ce1c099d48601818f11d1
  md5: 3cd1a7238a0dd3d0860fdefc496cc854
  depends:
  - __glibc >=2.17,<3.0.a0
  license: GPL-3.0-only WITH GCC-exception-3.1
  license_family: GPL
  size: 447068
  timestamp: 1750808138400
- conda: https://conda.anaconda.org/conda-forge/linux-aarch64/libgomp-15.1.0-he277a41_3.conda
  sha256: a6654342666271da9c396a41ea745dc6e56574806b42abb2be61511314f5cc40
  md5: b79b8a69669f9ac6311f9ff2e6bffdf2
  license: GPL-3.0-only WITH GCC-exception-3.1
  license_family: GPL
  size: 449966
  timestamp: 1750808867863
- conda: https://conda.anaconda.org/conda-forge/linux-64/libstdcxx-15.1.0-h8f9b012_3.conda
  sha256: 7650837344b7850b62fdba02155da0b159cf472b9ab59eb7b472f7bd01dff241
  md5: 6d11a5edae89fe413c0569f16d308f5a
  depends:
  - __glibc >=2.17,<3.0.a0
  - libgcc 15.1.0 h767d61c_3
  license: GPL-3.0-only WITH GCC-exception-3.1
  license_family: GPL
  size: 3896407
  timestamp: 1750808251302
- conda: https://conda.anaconda.org/conda-forge/linux-aarch64/libstdcxx-15.1.0-h3f4de04_3.conda
  sha256: 916a8c2530992140d23c4d3f63502f250ff36df7298ed9a8b72d3629c347d4ce
  md5: 4e2d5a407e0ecfe493d8b2a65a437bd8
  depends:
  - libgcc 15.1.0 he277a41_3
  license: GPL-3.0-only WITH GCC-exception-3.1
  license_family: GPL
  size: 3833339
  timestamp: 1750808947966
- conda: https://conda.anaconda.org/conda-forge/linux-64/libstdcxx-ng-15.1.0-h4852527_3.conda
  sha256: bbaea1ecf973a7836f92b8ebecc94d3c758414f4de39d2cc6818a3d10cb3216b
  md5: 57541755b5a51691955012b8e197c06c
  depends:
  - libstdcxx 15.1.0 h8f9b012_3
  license: GPL-3.0-only WITH GCC-exception-3.1
  license_family: GPL
  size: 29093
  timestamp: 1750808292700
- conda: https://conda.anaconda.org/conda-forge/linux-aarch64/libstdcxx-ng-15.1.0-hf1166c9_3.conda
  sha256: cb93360dce004fda2f877fd6071c8c0d19ab67b161ff406d5c0d63b7658ad77c
  md5: f981af71cbd4c67c9e6acc7d4cc3f163
  depends:
  - libstdcxx 15.1.0 h3f4de04_3
  license: GPL-3.0-only WITH GCC-exception-3.1
  license_family: GPL
  size: 29078
  timestamp: 1750808974598
- conda: https://conda.anaconda.org/conda-forge/linux-64/libuv-1.51.0-hb9d3cd8_0.conda
  sha256: 770ca175d64323976c9fe4303042126b2b01c1bd54c8c96cafeaba81bdb481b8
  md5: 1349c022c92c5efd3fd705a79a5804d8
  depends:
  - __glibc >=2.17,<3.0.a0
  - libgcc >=13
  license: MIT
  license_family: MIT
  size: 890145
  timestamp: 1748304699136
- conda: https://conda.anaconda.org/conda-forge/linux-aarch64/libuv-1.51.0-h86ecc28_0.conda
  sha256: 2b3811ac29005edb63b85e4eb24d13e04b93e3c9b33dcb11b11a11681af0665d
  md5: bd76e353d6a09ae834fc9056343f2f73
  depends:
  - libgcc >=13
  license: MIT
  license_family: MIT
  size: 645133
  timestamp: 1748304599853
- conda: https://conda.anaconda.org/conda-forge/osx-64/libuv-1.51.0-h4cb831e_0.conda
  sha256: 2c820c8e26d680f74035f58c3d46593461bb8aeefa00faafa5ca39d8a51c87fa
  md5: 8afd5432c2e6776d145d94f4ea4d4db5
  depends:
  - __osx >=11.0
  license: MIT
  license_family: MIT
  size: 420355
  timestamp: 1748304826637
- conda: https://conda.anaconda.org/conda-forge/osx-arm64/libuv-1.51.0-h5505292_0.conda
  sha256: 41c1230a3f4e0d265e5053c671f112a16be4405b9047d3da5581e03e9d53de65
  md5: 230a885fe67a3e945a4586b944b6020a
  depends:
  - __osx >=11.0
  license: MIT
  license_family: MIT
  size: 420654
  timestamp: 1748304893204
- conda: https://conda.anaconda.org/conda-forge/linux-64/libzlib-1.3.1-hb9d3cd8_2.conda
  sha256: d4bfe88d7cb447768e31650f06257995601f89076080e76df55e3112d4e47dc4
  md5: edb0dca6bc32e4f4789199455a1dbeb8
  depends:
  - __glibc >=2.17,<3.0.a0
  - libgcc >=13
  constrains:
  - zlib 1.3.1 *_2
  license: Zlib
  license_family: Other
  size: 60963
  timestamp: 1727963148474
- conda: https://conda.anaconda.org/conda-forge/linux-aarch64/libzlib-1.3.1-h86ecc28_2.conda
  sha256: 5a2c1eeef69342e88a98d1d95bff1603727ab1ff4ee0e421522acd8813439b84
  md5: 08aad7cbe9f5a6b460d0976076b6ae64
  depends:
  - libgcc >=13
  constrains:
  - zlib 1.3.1 *_2
  license: Zlib
  license_family: Other
  size: 66657
  timestamp: 1727963199518
- conda: https://conda.anaconda.org/conda-forge/osx-64/libzlib-1.3.1-hd23fc13_2.conda
  sha256: 8412f96504fc5993a63edf1e211d042a1fd5b1d51dedec755d2058948fcced09
  md5: 003a54a4e32b02f7355b50a837e699da
  depends:
  - __osx >=10.13
  constrains:
  - zlib 1.3.1 *_2
  license: Zlib
  license_family: Other
  size: 57133
  timestamp: 1727963183990
- conda: https://conda.anaconda.org/conda-forge/osx-arm64/libzlib-1.3.1-h8359307_2.conda
  sha256: ce34669eadaba351cd54910743e6a2261b67009624dbc7daeeafdef93616711b
  md5: 369964e85dc26bfe78f41399b366c435
  depends:
  - __osx >=11.0
  constrains:
  - zlib 1.3.1 *_2
  license: Zlib
  license_family: Other
  size: 46438
  timestamp: 1727963202283
- conda: https://conda.anaconda.org/conda-forge/linux-64/nodejs-24.4.0-heeeca48_0.conda
  sha256: 6a914b2ef34a78a090ca182ca7244972f30bb82d4258366ee7c754d3136fa9a8
  md5: 23aec203f75af46581a9de38610eb523
  depends:
  - libgcc >=14
  - __glibc >=2.28,<3.0.a0
  - libstdcxx >=14
  - libgcc >=14
  - libuv >=1.51.0,<2.0a0
  - openssl >=3.5.1,<4.0a0
  - icu >=75.1,<76.0a0
  - libzlib >=1.3.1,<2.0a0
  license: MIT
  size: 25668254
  timestamp: 1752237707811
- conda: https://conda.anaconda.org/conda-forge/linux-aarch64/nodejs-24.4.0-hc854191_0.conda
  sha256: c3184eb1b18fd0e491832c9ff9b8f0cdbf550ec2c099e761dfbdc3c5a5c0ab59
  md5: 092ef2a49cff119ec4a0412343a6c673
  depends:
  - __glibc >=2.28,<3.0.a0
  - libgcc >=14
  - libstdcxx >=14
  - libgcc >=14
  - __glibc >=2.28,<3.0.a0
  - icu >=75.1,<76.0a0
  - openssl >=3.5.1,<4.0a0
  - libuv >=1.51.0,<2.0a0
  - libzlib >=1.3.1,<2.0a0
  license: MIT
  size: 26876316
  timestamp: 1752237727553
- conda: https://conda.anaconda.org/conda-forge/osx-64/nodejs-24.4.0-h2e7699b_0.conda
  sha256: 0d48386184f3159aab9e1b52ead86b0b920a3e5ffdd678bac79409222e34d2e9
  md5: ab98bee474d37e2349845b463687d7c4
  depends:
  - __osx >=10.15
  - libcxx >=19
  - libzlib >=1.3.1,<2.0a0
  - libuv >=1.51.0,<2.0a0
  - openssl >=3.5.1,<4.0a0
  - icu >=75.1,<76.0a0
  license: MIT
  size: 18916721
  timestamp: 1752237643842
- conda: https://conda.anaconda.org/conda-forge/osx-arm64/nodejs-24.4.0-hab9d20b_0.conda
  sha256: 9a8bcc057cce763c6d11585f486c80046680c69ab7fd2f477c41205618010c5b
  md5: 15a1e0cc208d1513b1e927481b8b72a2
  depends:
  - libcxx >=19
  - __osx >=11.0
  - libuv >=1.51.0,<2.0a0
  - libzlib >=1.3.1,<2.0a0
  - openssl >=3.5.1,<4.0a0
  - icu >=75.1,<76.0a0
  license: MIT
  size: 17948979
  timestamp: 1752237676750
- conda: https://conda.anaconda.org/conda-forge/linux-64/openssl-3.5.1-h7b32b05_0.conda
  sha256: 942347492164190559e995930adcdf84e2fea05307ec8012c02a505f5be87462
  md5: c87df2ab1448ba69169652ab9547082d
  depends:
  - __glibc >=2.17,<3.0.a0
  - ca-certificates
  - libgcc >=13
  license: Apache-2.0
  license_family: Apache
  size: 3131002
  timestamp: 1751390382076
- conda: https://conda.anaconda.org/conda-forge/linux-aarch64/openssl-3.5.1-hd08dc88_0.conda
  sha256: 0b4f88052fc9c14aa17c844d1e92a9a76277aa980a445a47d2dbc6590d60a991
  md5: cf2dfe9c774c20e65d42d87147903bdb
  depends:
  - ca-certificates
  - libgcc >=13
  license: Apache-2.0
  license_family: Apache
  size: 3653877
  timestamp: 1751392052717
- conda: https://conda.anaconda.org/conda-forge/osx-64/openssl-3.5.1-hc426f3f_0.conda
  sha256: d5dc7da2ef7502a14f88443675c4894db336592ac7b9ae0517e1339ebb94f38a
  md5: f1ac2dbc36ce2017bd8f471960b1261d
  depends:
  - __osx >=10.13
  - ca-certificates
  license: Apache-2.0
  license_family: Apache
  size: 2744123
  timestamp: 1751391059798
- conda: https://conda.anaconda.org/conda-forge/osx-arm64/openssl-3.5.1-h81ee809_0.conda
  sha256: f94fde0f096fa79794c8aa0a2665630bbf9026cc6438e8253f6555fc7281e5a8
  md5: a8ac77e7c7e58d43fa34d60bd4361062
  depends:
  - __osx >=11.0
  - ca-certificates
  license: Apache-2.0
  license_family: Apache
  size: 3071649
  timestamp: 1751390309393
- conda: https://conda.anaconda.org/conda-forge/linux-64/pnpm-10.13.1-hcdd682b_1.conda
  sha256: b3e7ae0a36931cca5044e405778e89ccf4c8208dac3843dc6682e9125733399b
  md5: 7ddb1077230d03ab0115cc39c7224a03
  depends:
  - nodejs
  - libstdcxx >=14
  - libgcc >=14
  - __glibc >=2.17,<3.0.a0
  - nodejs >=24.3.0,<25.0a0
  license: MIT
  license_family: MIT
  size: 3246966
  timestamp: 1752232907140
- conda: https://conda.anaconda.org/conda-forge/linux-aarch64/pnpm-10.13.1-ha193a0a_1.conda
  sha256: 95bb7b44eebb73df7fec67cdc6b23e8c489e7550da11faf5bd42fe41ecbf694a
  md5: 692a457ebe95fdc73eb6d7b5d7759d17
  depends:
  - nodejs
  - libstdcxx >=14
  - libgcc >=14
  - nodejs >=24.3.0,<25.0a0
  license: MIT
  license_family: MIT
  size: 3248934
  timestamp: 1752232923365
- conda: https://conda.anaconda.org/conda-forge/osx-64/pnpm-10.13.1-h00d6f2a_1.conda
  sha256: 15c5ebcb3ee04573c566cc1578ecff7f11d9b8769269d59de9928d332e3a3f80
  md5: 7211602a27e2df54df3777f4cab9c1cb
  depends:
  - nodejs
  - __osx >=10.13
  - libcxx >=19
  - nodejs >=24.3.0,<25.0a0
  license: MIT
  license_family: MIT
  size: 3250736
  timestamp: 1752232919760
- conda: https://conda.anaconda.org/conda-forge/osx-arm64/pnpm-10.13.1-h41d7736_1.conda
  sha256: 9c0a13bc3fd1b98bdcfe311d956128eac38388a24541d0dcdc933a2f2f312b6a
  md5: f791d1ec8ba15d3e96e9867123380de2
  depends:
  - nodejs
  - __osx >=11.0
  - libcxx >=19
  - nodejs >=24.3.0,<25.0a0
  license: MIT
  license_family: MIT
  size: 3251607
  timestamp: 1752232921592
